
Microsoft Visual Studio Solution File, Format Version 12.00
# Visual Studio Version 17
VisualStudioVersion = 17.13.35931.197
MinimumVisualStudioVersion = 10.0.40219.1
Project("{FAE04EC0-301F-11D3-BF4B-00C04F79EFBC}") = "MathGame", "MathGame.csproj", "{D08EF370-A1CD-4305-910C-4F1903A52A9F}"
EndProject
Global
	GlobalSection(SolutionConfigurationPlatforms) = preSolution
		Debug|Any CPU = Debug|Any CPU
		Release|Any CPU = Release|Any CPU
	EndGlobalSection
	GlobalSection(ProjectConfigurationPlatforms) = postSolution
		{D08EF370-A1CD-4305-910C-4F1903A52A9F}.Debug|Any CPU.ActiveCfg = Debug|Any CPU
		{D08EF370-A1CD-4305-910C-4F1903A52A9F}.Debug|Any CPU.Build.0 = Debug|Any CPU
		{D08EF370-A1CD-4305-910C-4F1903A52A9F}.Release|Any CPU.ActiveCfg = Release|Any CPU
		{D08EF370-A1CD-4305-910C-4F1903A52A9F}.Release|Any CPU.Build.0 = Release|Any CPU
	EndGlobalSection
	GlobalSection(SolutionProperties) = preSolution
		HideSolutionNode = FALSE
	EndGlobalSection
	GlobalSection(ExtensibilityGlobals) = postSolution
		SolutionGuid = {BF2856B6-C849-4520-AA94-3AEE4A95C6A9}
	EndGlobalSection
EndGlobal
