
Microsoft Visual Studio Solution File, Format Version 12.00
# Visual Studio Version 17
VisualStudioVersion = 17.13.35931.197 d17.13
MinimumVisualStudioVersion = 10.0.40219.1
Project("{FAE04EC0-301F-11D3-BF4B-00C04F79EFBC}") = "PizzaOrder", "PizzaOrder\PizzaOrder.csproj", "{FAB7883C-365A-425B-B0BC-C43A85889028}"
EndProject
Global
	GlobalSection(SolutionConfigurationPlatforms) = preSolution
		Debug|Any CPU = Debug|Any CPU
		Release|Any CPU = Release|Any CPU
	EndGlobalSection
	GlobalSection(ProjectConfigurationPlatforms) = postSolution
		{FAB7883C-365A-425B-B0BC-C43A85889028}.Debug|Any CPU.ActiveCfg = Debug|Any CPU
		{FAB7883C-365A-425B-B0BC-C43A85889028}.Debug|Any CPU.Build.0 = Debug|Any CPU
		{FAB7883C-365A-425B-B0BC-C43A85889028}.Release|Any CPU.ActiveCfg = Release|Any CPU
		{FAB7883C-365A-425B-B0BC-C43A85889028}.Release|Any CPU.Build.0 = Release|Any CPU
	EndGlobalSection
	GlobalSection(SolutionProperties) = preSolution
		HideSolutionNode = FALSE
	EndGlobalSection
	GlobalSection(ExtensibilityGlobals) = postSolution
		SolutionGuid = {F2EE2D22-B668-43DC-9EC0-F5378B67A2F9}
	EndGlobalSection
EndGlobal
